
Microsoft Visual Studio Solution File, Format Version 12.00
# Visual Studio 14
VisualStudioVersion = 14.0.24720.0
MinimumVisualStudioVersion = 10.0.40219.1
Project("{2150E333-8FDC-42A3-9474-1A3956D46DE8}") = "src", "src", "{F791BF44-EB9A-458C-85FA-FD523081EDBC}"
EndProject
Project("{2150E333-8FDC-42A3-9474-1A3956D46DE8}") = "Solution Items", "Solution Items", "{419B9DF5-D9DB-4128-AB95-31CA8D2C24E8}"
	ProjectSection(SolutionItems) = preProject
		global.json = global.json
	EndProjectSection
EndProject
Project("{8BB2217D-0F2D-49D1-97BC-3654ED321F3B}") = "IdentityIssue", "src\IdentityIssue\IdentityIssue.xproj", "{75CBC76F-5E77-4B27-BE03-BE7DADF440E7}"
EndProject
Global
	GlobalSection(SolutionConfigurationPlatforms) = preSolution
		Debug|Any CPU = Debug|Any CPU
		Release|Any CPU = Release|Any CPU
	EndGlobalSection
	GlobalSection(ProjectConfigurationPlatforms) = postSolution
		{75CBC76F-5E77-4B27-BE03-BE7DADF440E7}.Debug|Any CPU.ActiveCfg = Debug|Any CPU
		{75CBC76F-5E77-4B27-BE03-BE7DADF440E7}.Debug|Any CPU.Build.0 = Debug|Any CPU
		{75CBC76F-5E77-4B27-BE03-BE7DADF440E7}.Release|Any CPU.ActiveCfg = Release|Any CPU
		{75CBC76F-5E77-4B27-BE03-BE7DADF440E7}.Release|Any CPU.Build.0 = Release|Any CPU
	EndGlobalSection
	GlobalSection(SolutionProperties) = preSolution
		HideSolutionNode = FALSE
	EndGlobalSection
	GlobalSection(NestedProjects) = preSolution
		{75CBC76F-5E77-4B27-BE03-BE7DADF440E7} = {F791BF44-EB9A-458C-85FA-FD523081EDBC}
	EndGlobalSection
EndGlobal
